
Microsoft Visual Studio Solution File, Format Version 12.00
# Visual Studio Version 17
VisualStudioVersion = 17.4.33213.308
MinimumVisualStudioVersion = 10.0.40219.1
Project("{2150E333-8FDC-42A3-9474-1A3956D46DE8}") = "src", "src", "{23607F25-4672-4F2E-B86F-49BADFBC946F}"
EndProject
Project("{2150E333-8FDC-42A3-9474-1A3956D46DE8}") = "Domain", "Domain", "{1DFE0290-BA61-4CF6-973B-158CDA0A8CB2}"
EndProject
Project("{2150E333-8FDC-42A3-9474-1A3956D46DE8}") = "Hosts", "Hosts", "{B8E3FFB9-35E4-4734-9905-2FAE679349C3}"
EndProject
Project("{2150E333-8FDC-42A3-9474-1A3956D46DE8}") = "Infrastructure", "Infrastructure", "{C0782A95-607C-423C-A6DD-4C5E99CA9575}"
EndProject
Project("{2150E333-8FDC-42A3-9474-1A3956D46DE8}") = "Contracts", "Contracts", "{5B5D5483-B030-42C9-8B9A-9733835651FA}"
EndProject
Project("{2150E333-8FDC-42A3-9474-1A3956D46DE8}") = "Application", "Application", "{8A77722A-C8F4-4A01-B48E-2943F897BC67}"
EndProject
Project("{9A19103F-16F7-4668-BE54-9A1E7A4F7556}") = "Otiva.Domain", "src\Domain\Otiva.Domain\Otiva.Domain.csproj", "{AC892A34-66C4-4F89-A025-1A12E8FB4334}"
EndProject
Project("{9A19103F-16F7-4668-BE54-9A1E7A4F7556}") = "Otiva.AppServeces", "src\Application\Otiva.AppServeces\Otiva.AppServeces.csproj", "{97AD8516-1006-4B4A-953F-C41B64B3C400}"
EndProject
Project("{9A19103F-16F7-4668-BE54-9A1E7A4F7556}") = "Otiva.API", "src\Hosts\Otiva.API\Otiva.API.csproj", "{9B7316AD-2105-4B0B-A3DC-27EC8D46B537}"
EndProject
Project("{9A19103F-16F7-4668-BE54-9A1E7A4F7556}") = "Otiva.Registrar", "src\Infrastructure\Otiva.Registrar\Otiva.Registrar.csproj", "{96A3451B-DEAE-4947-908E-9799C3A8F8A1}"
EndProject
Project("{9A19103F-16F7-4668-BE54-9A1E7A4F7556}") = "Otiva.Migrations", "src\Infrastructure\Otiva.Migrations\Otiva.Migrations.csproj", "{837051A9-038B-4451-8EFB-C7C97FB1E5C6}"
EndProject
Project("{9A19103F-16F7-4668-BE54-9A1E7A4F7556}") = "Otiva.DataAccess", "src\Infrastructure\Otiva.DataAccess\Otiva.DataAccess.csproj", "{D943945A-BDD5-476C-ABBD-9DAEA710F4CE}"
EndProject
Project("{9A19103F-16F7-4668-BE54-9A1E7A4F7556}") = "Otiva.Contracts", "src\Contracts\Otiva.Contracts\Otiva.Contracts.csproj", "{21AB32E0-E53C-42EA-A232-0D2445599472}"
EndProject
Project("{9A19103F-16F7-4668-BE54-9A1E7A4F7556}") = "Otiva.Infrastructure", "src\Infrastructure\Otiva.Infrastructure\Otiva.Infrastructure.csproj", "{0D4AEBAA-1379-46B3-B59B-4291C7D661B5}"
EndProject
Project("{2150E333-8FDC-42A3-9474-1A3956D46DE8}") = "tests", "tests", "{D8AF2E0A-98BB-45AD-881A-BF26B77ADB1F}"
EndProject
Global
	GlobalSection(SolutionConfigurationPlatforms) = preSolution
		Debug|Any CPU = Debug|Any CPU
		Release|Any CPU = Release|Any CPU
	EndGlobalSection
	GlobalSection(ProjectConfigurationPlatforms) = postSolution
		{AC892A34-66C4-4F89-A025-1A12E8FB4334}.Debug|Any CPU.ActiveCfg = Debug|Any CPU
		{AC892A34-66C4-4F89-A025-1A12E8FB4334}.Debug|Any CPU.Build.0 = Debug|Any CPU
		{AC892A34-66C4-4F89-A025-1A12E8FB4334}.Release|Any CPU.ActiveCfg = Release|Any CPU
		{AC892A34-66C4-4F89-A025-1A12E8FB4334}.Release|Any CPU.Build.0 = Release|Any CPU
		{97AD8516-1006-4B4A-953F-C41B64B3C400}.Debug|Any CPU.ActiveCfg = Debug|Any CPU
		{97AD8516-1006-4B4A-953F-C41B64B3C400}.Debug|Any CPU.Build.0 = Debug|Any CPU
		{97AD8516-1006-4B4A-953F-C41B64B3C400}.Release|Any CPU.ActiveCfg = Release|Any CPU
		{97AD8516-1006-4B4A-953F-C41B64B3C400}.Release|Any CPU.Build.0 = Release|Any CPU
		{9B7316AD-2105-4B0B-A3DC-27EC8D46B537}.Debug|Any CPU.ActiveCfg = Debug|Any CPU
		{9B7316AD-2105-4B0B-A3DC-27EC8D46B537}.Debug|Any CPU.Build.0 = Debug|Any CPU
		{9B7316AD-2105-4B0B-A3DC-27EC8D46B537}.Release|Any CPU.ActiveCfg = Release|Any CPU
		{9B7316AD-2105-4B0B-A3DC-27EC8D46B537}.Release|Any CPU.Build.0 = Release|Any CPU
		{96A3451B-DEAE-4947-908E-9799C3A8F8A1}.Debug|Any CPU.ActiveCfg = Debug|Any CPU
		{96A3451B-DEAE-4947-908E-9799C3A8F8A1}.Debug|Any CPU.Build.0 = Debug|Any CPU
		{96A3451B-DEAE-4947-908E-9799C3A8F8A1}.Release|Any CPU.ActiveCfg = Release|Any CPU
		{96A3451B-DEAE-4947-908E-9799C3A8F8A1}.Release|Any CPU.Build.0 = Release|Any CPU
		{837051A9-038B-4451-8EFB-C7C97FB1E5C6}.Debug|Any CPU.ActiveCfg = Debug|Any CPU
		{837051A9-038B-4451-8EFB-C7C97FB1E5C6}.Debug|Any CPU.Build.0 = Debug|Any CPU
		{837051A9-038B-4451-8EFB-C7C97FB1E5C6}.Release|Any CPU.ActiveCfg = Release|Any CPU
		{837051A9-038B-4451-8EFB-C7C97FB1E5C6}.Release|Any CPU.Build.0 = Release|Any CPU
		{D943945A-BDD5-476C-ABBD-9DAEA710F4CE}.Debug|Any CPU.ActiveCfg = Debug|Any CPU
		{D943945A-BDD5-476C-ABBD-9DAEA710F4CE}.Debug|Any CPU.Build.0 = Debug|Any CPU
		{D943945A-BDD5-476C-ABBD-9DAEA710F4CE}.Release|Any CPU.ActiveCfg = Release|Any CPU
		{D943945A-BDD5-476C-ABBD-9DAEA710F4CE}.Release|Any CPU.Build.0 = Release|Any CPU
		{21AB32E0-E53C-42EA-A232-0D2445599472}.Debug|Any CPU.ActiveCfg = Debug|Any CPU
		{21AB32E0-E53C-42EA-A232-0D2445599472}.Debug|Any CPU.Build.0 = Debug|Any CPU
		{21AB32E0-E53C-42EA-A232-0D2445599472}.Release|Any CPU.ActiveCfg = Release|Any CPU
		{21AB32E0-E53C-42EA-A232-0D2445599472}.Release|Any CPU.Build.0 = Release|Any CPU
		{0D4AEBAA-1379-46B3-B59B-4291C7D661B5}.Debug|Any CPU.ActiveCfg = Debug|Any CPU
		{0D4AEBAA-1379-46B3-B59B-4291C7D661B5}.Debug|Any CPU.Build.0 = Debug|Any CPU
		{0D4AEBAA-1379-46B3-B59B-4291C7D661B5}.Release|Any CPU.ActiveCfg = Release|Any CPU
		{0D4AEBAA-1379-46B3-B59B-4291C7D661B5}.Release|Any CPU.Build.0 = Release|Any CPU
	EndGlobalSection
	GlobalSection(SolutionProperties) = preSolution
		HideSolutionNode = FALSE
	EndGlobalSection
	GlobalSection(NestedProjects) = preSolution
		{1DFE0290-BA61-4CF6-973B-158CDA0A8CB2} = {23607F25-4672-4F2E-B86F-49BADFBC946F}
		{B8E3FFB9-35E4-4734-9905-2FAE679349C3} = {23607F25-4672-4F2E-B86F-49BADFBC946F}
		{C0782A95-607C-423C-A6DD-4C5E99CA9575} = {23607F25-4672-4F2E-B86F-49BADFBC946F}
		{5B5D5483-B030-42C9-8B9A-9733835651FA} = {23607F25-4672-4F2E-B86F-49BADFBC946F}
		{8A77722A-C8F4-4A01-B48E-2943F897BC67} = {23607F25-4672-4F2E-B86F-49BADFBC946F}
		{AC892A34-66C4-4F89-A025-1A12E8FB4334} = {1DFE0290-BA61-4CF6-973B-158CDA0A8CB2}
		{97AD8516-1006-4B4A-953F-C41B64B3C400} = {8A77722A-C8F4-4A01-B48E-2943F897BC67}
		{9B7316AD-2105-4B0B-A3DC-27EC8D46B537} = {B8E3FFB9-35E4-4734-9905-2FAE679349C3}
		{96A3451B-DEAE-4947-908E-9799C3A8F8A1} = {C0782A95-607C-423C-A6DD-4C5E99CA9575}
		{837051A9-038B-4451-8EFB-C7C97FB1E5C6} = {C0782A95-607C-423C-A6DD-4C5E99CA9575}
		{D943945A-BDD5-476C-ABBD-9DAEA710F4CE} = {C0782A95-607C-423C-A6DD-4C5E99CA9575}
		{21AB32E0-E53C-42EA-A232-0D2445599472} = {5B5D5483-B030-42C9-8B9A-9733835651FA}
		{0D4AEBAA-1379-46B3-B59B-4291C7D661B5} = {C0782A95-607C-423C-A6DD-4C5E99CA9575}
	EndGlobalSection
	GlobalSection(ExtensibilityGlobals) = postSolution
		SolutionGuid = {E07873DF-AF96-4A26-B153-D77AE689A348}
	EndGlobalSection
EndGlobal
